
Microsoft Visual Studio Solution File, Format Version 12.00
# Visual Studio Version 17
VisualStudioVersion = 17.9.34616.47
MinimumVisualStudioVersion = 10.0.40219.1
Project("{8BC9CEB8-8B4A-11D0-8D11-00A0C91BC942}") = "BubleSort", "BubleSort\BubleSort.vcxproj", "{A365923B-4406-4C10-A952-497D89594917}"
EndProject
Global
	GlobalSection(SolutionConfigurationPlatforms) = preSolution
		Debug|x64 = Debug|x64
		Debug|x86 = Debug|x86
		Release|x64 = Release|x64
		Release|x86 = Release|x86
	EndGlobalSection
	GlobalSection(ProjectConfigurationPlatforms) = postSolution
		{A365923B-4406-4C10-A952-497D89594917}.Debug|x64.ActiveCfg = Debug|x64
		{A365923B-4406-4C10-A952-497D89594917}.Debug|x64.Build.0 = Debug|x64
		{A365923B-4406-4C10-A952-497D89594917}.Debug|x86.ActiveCfg = Debug|Win32
		{A365923B-4406-4C10-A952-497D89594917}.Debug|x86.Build.0 = Debug|Win32
		{A365923B-4406-4C10-A952-497D89594917}.Release|x64.ActiveCfg = Release|x64
		{A365923B-4406-4C10-A952-497D89594917}.Release|x64.Build.0 = Release|x64
		{A365923B-4406-4C10-A952-497D89594917}.Release|x86.ActiveCfg = Release|Win32
		{A365923B-4406-4C10-A952-497D89594917}.Release|x86.Build.0 = Release|Win32
	EndGlobalSection
	GlobalSection(SolutionProperties) = preSolution
		HideSolutionNode = FALSE
	EndGlobalSection
	GlobalSection(ExtensibilityGlobals) = postSolution
		SolutionGuid = {B1283042-2F79-4AEF-BE11-0A3970BBB6B7}
	EndGlobalSection
EndGlobal
